
Microsoft Visual Studio Solution File, Format Version 12.00
# Visual Studio Version 17
VisualStudioVersion = 17.8.34330.188
MinimumVisualStudioVersion = 10.0.40219.1
Project("{9A19103F-16F7-4668-BE54-9A1E7A4F7556}") = "Notes App", "WpfApp1\Notes App.csproj", "{4B2C94F9-70F0-4FE0-9343-885DDCC75DAD}"
EndProject
Global
	GlobalSection(SolutionConfigurationPlatforms) = preSolution
		Debug|Any CPU = Debug|Any CPU
		Release|Any CPU = Release|Any CPU
	EndGlobalSection
	GlobalSection(ProjectConfigurationPlatforms) = postSolution
		{4B2C94F9-70F0-4FE0-9343-885DDCC75DAD}.Debug|Any CPU.ActiveCfg = Debug|Any CPU
		{4B2C94F9-70F0-4FE0-9343-885DDCC75DAD}.Debug|Any CPU.Build.0 = Debug|Any CPU
		{4B2C94F9-70F0-4FE0-9343-885DDCC75DAD}.Release|Any CPU.ActiveCfg = Release|Any CPU
		{4B2C94F9-70F0-4FE0-9343-885DDCC75DAD}.Release|Any CPU.Build.0 = Release|Any CPU
	EndGlobalSection
	GlobalSection(SolutionProperties) = preSolution
		HideSolutionNode = FALSE
	EndGlobalSection
	GlobalSection(ExtensibilityGlobals) = postSolution
		SolutionGuid = {93B735CB-7A72-4F0D-A038-3DBA855F3D92}
	EndGlobalSection
EndGlobal
